
Microsoft Visual Studio Solution File, Format Version 12.00
# Visual Studio Version 17
VisualStudioVersion = 17.8.34408.163
MinimumVisualStudioVersion = 10.0.40219.1
Project("{9A19103F-16F7-4668-BE54-9A1E7A4F7556}") = "TestProjects.Hangfire", "TestProjects.Hangfire\TestProjects.Hangfire.csproj", "{B67A43BF-CCF0-4B5D-B265-AE40519716E4}"
EndProject
Project("{9A19103F-16F7-4668-BE54-9A1E7A4F7556}") = "TestProjects.UniqIds", "TestProjects.UniqIds\TestProjects.UniqIds.csproj", "{1F2AB7F5-B54B-45BB-A5F5-126BD74502A8}"
EndProject
Project("{9A19103F-16F7-4668-BE54-9A1E7A4F7556}") = "TestProjects.DeviceInfo", "TestProjects.DeviceInfo\TestProjects.DeviceInfo.csproj", "{3E340D26-DB0B-4766-B567-E3D851E852F9}"
EndProject
Project("{9A19103F-16F7-4668-BE54-9A1E7A4F7556}") = "TestProjects.Redis", "TestProjects.Redis\TestProjects.Redis.csproj", "{E134E649-F352-40F3-8F13-C0C0C802E135}"
EndProject
Project("{2150E333-8FDC-42A3-9474-1A3956D46DE8}") = "Notifications", "Notifications", "{60BB0539-FA6F-4497-89C7-7FFADAD88878}"
EndProject
Project("{9A19103F-16F7-4668-BE54-9A1E7A4F7556}") = "TestProjects.Notify.Server", "TestProjects.Notify.Server\TestProjects.Notify.Server.csproj", "{64EE23F9-0CC9-4B10-B733-3FB1B8A214C5}"
EndProject
Project("{9A19103F-16F7-4668-BE54-9A1E7A4F7556}") = "TestProjects.ImeiCheck", "TestProjects.ImeiCheck\TestProjects.ImeiCheck.csproj", "{9D9BFA03-32D7-43BC-9815-5F3D5BBBF9E0}"
EndProject
Project("{9A19103F-16F7-4668-BE54-9A1E7A4F7556}") = "TestProjects.MetadataExstractor", "TestProjects.MetadataExstractor\TestProjects.MetadataExstractor.csproj", "{1E552A2B-9523-40AC-891F-A263FB12C338}"
EndProject
Project("{FAE04EC0-301F-11D3-BF4B-00C04F79EFBC}") = "TestProjects.DeviceCheck", "TestProjects.DeviceCheck\TestProjects.DeviceCheck.csproj", "{8715C599-27F7-46BC-AEE4-7E26EB314345}"
EndProject
Global
	GlobalSection(SolutionConfigurationPlatforms) = preSolution
		Debug|Any CPU = Debug|Any CPU
		Release|Any CPU = Release|Any CPU
	EndGlobalSection
	GlobalSection(ProjectConfigurationPlatforms) = postSolution
		{B67A43BF-CCF0-4B5D-B265-AE40519716E4}.Debug|Any CPU.ActiveCfg = Debug|Any CPU
		{B67A43BF-CCF0-4B5D-B265-AE40519716E4}.Debug|Any CPU.Build.0 = Debug|Any CPU
		{B67A43BF-CCF0-4B5D-B265-AE40519716E4}.Release|Any CPU.ActiveCfg = Release|Any CPU
		{B67A43BF-CCF0-4B5D-B265-AE40519716E4}.Release|Any CPU.Build.0 = Release|Any CPU
		{1F2AB7F5-B54B-45BB-A5F5-126BD74502A8}.Debug|Any CPU.ActiveCfg = Debug|Any CPU
		{1F2AB7F5-B54B-45BB-A5F5-126BD74502A8}.Debug|Any CPU.Build.0 = Debug|Any CPU
		{1F2AB7F5-B54B-45BB-A5F5-126BD74502A8}.Release|Any CPU.ActiveCfg = Release|Any CPU
		{1F2AB7F5-B54B-45BB-A5F5-126BD74502A8}.Release|Any CPU.Build.0 = Release|Any CPU
		{3E340D26-DB0B-4766-B567-E3D851E852F9}.Debug|Any CPU.ActiveCfg = Debug|Any CPU
		{3E340D26-DB0B-4766-B567-E3D851E852F9}.Debug|Any CPU.Build.0 = Debug|Any CPU
		{3E340D26-DB0B-4766-B567-E3D851E852F9}.Debug|Any CPU.Deploy.0 = Debug|Any CPU
		{3E340D26-DB0B-4766-B567-E3D851E852F9}.Release|Any CPU.ActiveCfg = Release|Any CPU
		{3E340D26-DB0B-4766-B567-E3D851E852F9}.Release|Any CPU.Build.0 = Release|Any CPU
		{3E340D26-DB0B-4766-B567-E3D851E852F9}.Release|Any CPU.Deploy.0 = Release|Any CPU
		{E134E649-F352-40F3-8F13-C0C0C802E135}.Debug|Any CPU.ActiveCfg = Debug|Any CPU
		{E134E649-F352-40F3-8F13-C0C0C802E135}.Debug|Any CPU.Build.0 = Debug|Any CPU
		{E134E649-F352-40F3-8F13-C0C0C802E135}.Release|Any CPU.ActiveCfg = Release|Any CPU
		{E134E649-F352-40F3-8F13-C0C0C802E135}.Release|Any CPU.Build.0 = Release|Any CPU
		{64EE23F9-0CC9-4B10-B733-3FB1B8A214C5}.Debug|Any CPU.ActiveCfg = Debug|Any CPU
		{64EE23F9-0CC9-4B10-B733-3FB1B8A214C5}.Debug|Any CPU.Build.0 = Debug|Any CPU
		{64EE23F9-0CC9-4B10-B733-3FB1B8A214C5}.Release|Any CPU.ActiveCfg = Release|Any CPU
		{64EE23F9-0CC9-4B10-B733-3FB1B8A214C5}.Release|Any CPU.Build.0 = Release|Any CPU
		{9D9BFA03-32D7-43BC-9815-5F3D5BBBF9E0}.Debug|Any CPU.ActiveCfg = Debug|Any CPU
		{9D9BFA03-32D7-43BC-9815-5F3D5BBBF9E0}.Debug|Any CPU.Build.0 = Debug|Any CPU
		{9D9BFA03-32D7-43BC-9815-5F3D5BBBF9E0}.Debug|Any CPU.Deploy.0 = Debug|Any CPU
		{9D9BFA03-32D7-43BC-9815-5F3D5BBBF9E0}.Release|Any CPU.ActiveCfg = Release|Any CPU
		{9D9BFA03-32D7-43BC-9815-5F3D5BBBF9E0}.Release|Any CPU.Build.0 = Release|Any CPU
		{9D9BFA03-32D7-43BC-9815-5F3D5BBBF9E0}.Release|Any CPU.Deploy.0 = Release|Any CPU
		{1E552A2B-9523-40AC-891F-A263FB12C338}.Debug|Any CPU.ActiveCfg = Debug|Any CPU
		{1E552A2B-9523-40AC-891F-A263FB12C338}.Debug|Any CPU.Build.0 = Debug|Any CPU
		{1E552A2B-9523-40AC-891F-A263FB12C338}.Release|Any CPU.ActiveCfg = Release|Any CPU
		{1E552A2B-9523-40AC-891F-A263FB12C338}.Release|Any CPU.Build.0 = Release|Any CPU
		{8715C599-27F7-46BC-AEE4-7E26EB314345}.Debug|Any CPU.ActiveCfg = Debug|Any CPU
		{8715C599-27F7-46BC-AEE4-7E26EB314345}.Debug|Any CPU.Build.0 = Debug|Any CPU
		{8715C599-27F7-46BC-AEE4-7E26EB314345}.Release|Any CPU.ActiveCfg = Release|Any CPU
		{8715C599-27F7-46BC-AEE4-7E26EB314345}.Release|Any CPU.Build.0 = Release|Any CPU
	EndGlobalSection
	GlobalSection(SolutionProperties) = preSolution
		HideSolutionNode = FALSE
	EndGlobalSection
	GlobalSection(NestedProjects) = preSolution
		{64EE23F9-0CC9-4B10-B733-3FB1B8A214C5} = {60BB0539-FA6F-4497-89C7-7FFADAD88878}
	EndGlobalSection
	GlobalSection(ExtensibilityGlobals) = postSolution
		SolutionGuid = {D73B4BFD-374E-4263-B8C2-EA2FA90D3FD0}
	EndGlobalSection
EndGlobal
